
Microsoft Visual Studio Solution File, Format Version 12.00
# Visual Studio Version 17
VisualStudioVersion = 17.13.35931.197 d17.13
MinimumVisualStudioVersion = 10.0.40219.1
Project("{FAE04EC0-301F-11D3-BF4B-00C04F79EFBC}") = "BaiTapLonDeMo", "BaiTapLonDeMo\BaiTapLonDeMo.csproj", "{F1EE1A6E-F320-4157-A9EC-86F3ED054846}"
EndProject
Global
	GlobalSection(SolutionConfigurationPlatforms) = preSolution
		Debug|Any CPU = Debug|Any CPU
		Release|Any CPU = Release|Any CPU
	EndGlobalSection
	GlobalSection(ProjectConfigurationPlatforms) = postSolution
		{F1EE1A6E-F320-4157-A9EC-86F3ED054846}.Debug|Any CPU.ActiveCfg = Debug|Any CPU
		{F1EE1A6E-F320-4157-A9EC-86F3ED054846}.Debug|Any CPU.Build.0 = Debug|Any CPU
		{F1EE1A6E-F320-4157-A9EC-86F3ED054846}.Release|Any CPU.ActiveCfg = Release|Any CPU
		{F1EE1A6E-F320-4157-A9EC-86F3ED054846}.Release|Any CPU.Build.0 = Release|Any CPU
	EndGlobalSection
	GlobalSection(SolutionProperties) = preSolution
		HideSolutionNode = FALSE
	EndGlobalSection
	GlobalSection(ExtensibilityGlobals) = postSolution
		SolutionGuid = {D9CDBD5E-5714-47F7-946C-23D83B2F759F}
	EndGlobalSection
EndGlobal
